Microsoft Visual Studio Solution File, Format Version 11.00
# Visual Studio 2010
Project("{8BC9CEB8-8B4A-11D0-8D11-00A0C91BC942}") = "project", "project.vcxproj", "{D0A4A0BD-D1E2-4325-9DD9-5237B74D74FA}"
EndProject
Global
	GlobalSection(SolutionConfigurationPlatforms) = preSolution
		file_list|Win32 = file_list|Win32
	EndGlobalSection
	GlobalSection(ProjectConfigurationPlatforms) = postSolution
		{D0A4A0BD-D1E2-4325-9DD9-5237B74D74FA}.file_list|Win32.ActiveCfg = file_list|Win32
	EndGlobalSection
	GlobalSection(SolutionProperties) = preSolution
		HideSolutionNode = FALSE
	EndGlobalSection
EndGlobal
